
Microsoft Visual Studio Solution File, Format Version 12.00
# Visual Studio Version 17
VisualStudioVersion = 17.1.32414.318
MinimumVisualStudioVersion = 10.0.40219.1
Project("{FAE04EC0-301F-11D3-BF4B-00C04F79EFBC}") = "VariableExercise", "VariableExercise\VariableExercise.csproj", "{55A08BDF-6CF7-4A64-9C46-2885A3F6AB8A}"
EndProject
Global
	GlobalSection(SolutionConfigurationPlatforms) = preSolution
		Debug|Any CPU = Debug|Any CPU
		Release|Any CPU = Release|Any CPU
	EndGlobalSection
	GlobalSection(ProjectConfigurationPlatforms) = postSolution
		{55A08BDF-6CF7-4A64-9C46-2885A3F6AB8A}.Debug|Any CPU.ActiveCfg = Debug|Any CPU
		{55A08BDF-6CF7-4A64-9C46-2885A3F6AB8A}.Debug|Any CPU.Build.0 = Debug|Any CPU
		{55A08BDF-6CF7-4A64-9C46-2885A3F6AB8A}.Release|Any CPU.ActiveCfg = Release|Any CPU
		{55A08BDF-6CF7-4A64-9C46-2885A3F6AB8A}.Release|Any CPU.Build.0 = Release|Any CPU
	EndGlobalSection
	GlobalSection(SolutionProperties) = preSolution
		HideSolutionNode = FALSE
	EndGlobalSection
	GlobalSection(ExtensibilityGlobals) = postSolution
		SolutionGuid = {EA00DE32-CB8A-4167-8130-4E061B5B3228}
	EndGlobalSection
EndGlobal
